dependencies:
  chegewara/usb-netif:
    component_hash: 11a03df325f1f470de4bcb65a356758c7accf4c30d2f2beed85702461836f65c
    dependencies:
    - name: espressif/esp_tinyusb
      registry_url: https://components.espressif.com/
      require: private
      version: ^1.4.0
    - name: idf
      require: private
      version: ^5.0
    source:
      registry_url: https://components.espressif.com/
      type: service
    targets:
    - esp32s2
    - esp32s3
    - esp32p4
    version: 0.1.0
  espressif/esp_tinyusb:
    component_hash: 2be80f1c9fcdc1ccf945e001856b88fee5a82c321187c3f4351519928e5de168
    dependencies:
    - name: idf
      require: private
      version: '>=5.0'
    - name: espressif/tinyusb
      registry_url: https://components.espressif.com/
      require: public
      version: '>=0.14.2'
    source:
      registry_url: https://components.espressif.com/
      type: service
    version: 1.4.5
  espressif/tinyusb:
    component_hash: 214989d502fc168241a4a4f83b097d8ac44a93cd6f1787b4ac10069a8b3bebd3
    dependencies:
    - name: idf
      require: private
      version: '>=5.0'
    source:
      registry_url: https://components.espressif.com/
      type: service
    targets:
    - esp32s2
    - esp32s3
    - esp32p4
    version: 0.15.0~10
  idf:
    source:
      type: idf
    version: 5.4.0
direct_dependencies:
- chegewara/usb-netif
- idf
manifest_hash: 270f9c482ffccac683f719d4c613547f3997b622c7eae13444d5daee7f40d82b
target: esp32p4
version: 2.0.0
